// !$*UTF8*$!
{
	archiveVersion = 1;
	classes = {
	};
	objectVersion = 46;
	objects = {

/* Begin PBXBuildFile section */
		D717FD0C19F41CDF0066C862 /* AppDelegate.swift in Sources */ = {isa = PBXBuildFile; fileRef = D717FD0B19F41CDF0066C862 /* AppDelegate.swift */; };
		D717FD0E19F41CDF0066C862 /* Images.xcassets in Resources */ = {isa = PBXBuildFile; fileRef = D717FD0D19F41CDF0066C862 /* Images.xcassets */; };
		D717FD1119F41CDF0066C862 /* MainMenu.xib in Resources */ = {isa = PBXBuildFile; fileRef = D717FD0F19F41CDF0066C862 /* MainMenu.xib */; };
		D717FD1D19F41CDF0066C862 /* SpikeTwoTests.swift in Sources */ = {isa = PBXBuildFile; fileRef = D717FD1C19F41CDF0066C862 /* SpikeTwoTests.swift */; };
/* End PBXBuildFile section */

/* Begin PBXContainerItemProxy section */
		D717FD1719F41CDF0066C862 /* PBXContainerItemProxy */ = {
			isa = PBXContainerItemProxy;
			containerPortal = D717FCFE19F41CDF0066C862 /* Project object */;
			proxyType = 1;
			remoteGlobalIDString = D717FD0519F41CDF0066C862;
			remoteInfo = SpikeTwo;
		};
/* End PBXContainerItemProxy section */

/* Begin PBXFileReference section */
		D717FD0619F41CDF0066C862 /* SpikeTwo.app */ = {isa = PBXFileReference; explicitFileType = wrapper.application; includeInIndex = 0; path = SpikeTwo.app; sourceTree = BUILT_PRODUCTS_DIR; };
		D717FD0A19F41CDF0066C862 /* Info.plist */ = {isa = PBXFileReference; lastKnownFileType = text.plist.xml; path = Info.plist; sourceTree = "<group>"; };
		D717FD0B19F41CDF0066C862 /* AppDelegate.swift */ = {isa = PBXFileReference; lastKnownFileType = sourcecode.swift; path = AppDelegate.swift; sourceTree = "<group>"; };
		D717FD0D19F41CDF0066C862 /* Images.xcassets */ = {isa = PBXFileReference; lastKnownFileType = folder.assetcatalog; path = Images.xcassets; sourceTree = "<group>"; };
		D717FD1019F41CDF0066C862 /* Base */ = {isa = PBXFileReference; lastKnownFileType = file.xib; name = Base; path = Base.lproj/MainMenu.xib; sourceTree = "<group>"; };
		D717FD1619F41CDF0066C862 /* SpikeTwoTests.xctest */ = {isa = PBXFileReference; explicitFileType = wrapper.cfbundle; includeInIndex = 0; path = SpikeTwoTests.xctest; sourceTree = BUILT_PRODUCTS_DIR; };
		D717FD1B19F41CDF0066C862 /* Info.plist */ = {isa = PBXFileReference; lastKnownFileType = text.plist.xml; path = Info.plist; sourceTree = "<group>"; };
		D717FD1C19F41CDF0066C862 /* SpikeTwoTests.swift */ = {isa = PBXFileReference; lastKnownFileType = sourcecode.swift; path = SpikeTwoTests.swift; sourceTree = "<group>"; };
/* End PBXFileReference section */

/* Begin PBXFrameworksBuildPhase section */
		D717FD0319F41CDF0066C862 /* Frameworks */ = {
			isa = PBXFrameworksBuildPhase;
			buildActionMask = 2147483647;
			files = (
			);
			runOnlyForDeploymentPostprocessing = 0;
		};
		D717FD1319F41CDF0066C862 /* Frameworks */ = {
			isa = PBXFrameworksBuildPhase;
			buildActionMask = 2147483647;
			files = (
			);
			runOnlyForDeploymentPostprocessing = 0;
		};
/* End PBXFrameworksBuildPhase section */

/* Begin PBXGroup section */
		D717FCFD19F41CDF0066C862 = {
			isa = PBXGroup;
			children = (
				D717FD0819F41CDF0066C862 /* SpikeTwo */,
				D717FD1919F41CDF0066C862 /* SpikeTwoTests */,
				D717FD0719F41CDF0066C862 /* Products */,
			);
			sourceTree = "<group>";
		};
		D717FD0719F41CDF0066C862 /* Products */ = {
			isa = PBXGroup;
			children = (
				D717FD0619F41CDF0066C862 /* SpikeTwo.app */,
				D717FD1619F41CDF0066C862 /* SpikeTwoTests.xctest */,
			);
			name = Products;
			sourceTree = "<group>";
		};
		D717FD0819F41CDF0066C862 /* SpikeTwo */ = {
			isa = PBXGroup;
			children = (
				D717FD0B19F41CDF0066C862 /* AppDelegate.swift */,
				D717FD0D19F41CDF0066C862 /* Images.xcassets */,
				D717FD0F19F41CDF0066C862 /* MainMenu.xib */,
				D717FD0919F41CDF0066C862 /* Supporting Files */,
			);
			path = SpikeTwo;
			sourceTree = "<group>";
		};
		D717FD0919F41CDF0066C862 /* Supporting Files */ = {
			isa = PBXGroup;
			children = (
				D717FD0A19F41CDF0066C862 /* Info.plist */,
			);
			name = "Supporting Files";
			sourceTree = "<group>";
		};
		D717FD1919F41CDF0066C862 /* SpikeTwoTests */ = {
			isa = PBXGroup;
			children = (
				D717FD1C19F41CDF0066C862 /* SpikeTwoTests.swift */,
				D717FD1A19F41CDF0066C862 /* Supporting Files */,
			);
			path = SpikeTwoTests;
			sourceTree = "<group>";
		};
		D717FD1A19F41CDF0066C862 /* Supporting Files */ = {
			isa = PBXGroup;
			children = (
				D717FD1B19F41CDF0066C862 /* Info.plist */,
			);
			name = "Supporting Files";
			sourceTree = "<group>";
		};
/* End PBXGroup section */

/* Begin PBXNativeTarget section */
		D717FD0519F41CDF0066C862 /* SpikeTwo */ = {
			isa = PBXNativeTarget;
			buildConfigurationList = D717FD2019F41CDF0066C862 /* Build configuration list for PBXNativeTarget "SpikeTwo" */;
			buildPhases = (
				D717FD0219F41CDF0066C862 /* Sources */,
				D717FD0319F41CDF0066C862 /* Frameworks */,
				D717FD0419F41CDF0066C862 /* Resources */,
			);
			buildRules = (
			);
			dependencies = (
			);
			name = SpikeTwo;
			productName = SpikeTwo;
			productReference = D717FD0619F41CDF0066C862 /* SpikeTwo.app */;
			productType = "com.apple.product-type.application";
		};
		D717FD1519F41CDF0066C862 /* SpikeTwoTests */ = {
			isa = PBXNativeTarget;
			buildConfigurationList = D717FD2319F41CDF0066C862 /* Build configuration list for PBXNativeTarget "SpikeTwoTests" */;
			buildPhases = (
				D717FD1219F41CDF0066C862 /* Sources */,
				D717FD1319F41CDF0066C862 /* Frameworks */,
				D717FD1419F41CDF0066C862 /* Resources */,
			);
			buildRules = (
			);
			dependencies = (
				D717FD1819F41CDF0066C862 /* PBXTargetDependency */,
			);
			name = SpikeTwoTests;
			productName = SpikeTwoTests;
			productReference = D717FD1619F41CDF0066C862 /* SpikeTwoTests.xctest */;
			productType = "com.apple.product-type.bundle.unit-test";
		};
/* End PBXNativeTarget section */

/* Begin PBXProject section */
		D717FCFE19F41CDF0066C862 /* Project object */ = {
			isa = PBXProject;
			attributes = {
				LastUpgradeCheck = 0610;
				ORGANIZATIONNAME = ponix.org;
				TargetAttributes = {
					D717FD0519F41CDF0066C862 = {
						CreatedOnToolsVersion = 6.1;
					};
					D717FD1519F41CDF0066C862 = {
						CreatedOnToolsVersion = 6.1;
						TestTargetID = D717FD0519F41CDF0066C862;
					};
				};
			};
			buildConfigurationList = D717FD0119F41CDF0066C862 /* Build configuration list for PBXProject "SpikeTwo" */;
			compatibilityVersion = "Xcode 3.2";
			developmentRegion = English;
			hasScannedForEncodings = 0;
			knownRegions = (
				en,
				Base,
			);
			mainGroup = D717FCFD19F41CDF0066C862;
			productRefGroup = D717FD0719F41CDF0066C862 /* Products */;
			projectDirPath = "";
			projectRoot = "";
			targets = (
				D717FD0519F41CDF0066C862 /* SpikeTwo */,
				D717FD1519F41CDF0066C862 /* SpikeTwoTests */,
			);
		};
/* End PBXProject section */

/* Begin PBXResourcesBuildPhase section */
		D717FD0419F41CDF0066C862 /* Resources */ = {
			isa = PBXResourcesBuildPhase;
			buildActionMask = 2147483647;
			files = (
				D717FD0E19F41CDF0066C862 /* Images.xcassets in Resources */,
				D717FD1119F41CDF0066C862 /* MainMenu.xib in Resources */,
			);
			runOnlyForDeploymentPostprocessing = 0;
		};
		D717FD1419F41CDF0066C862 /* Resources */ = {
			isa = PBXResourcesBuildPhase;
			buildActionMask = 2147483647;
			files = (
			);
			runOnlyForDeploymentPostprocessing = 0;
		};
/* End PBXResourcesBuildPhase section */

/* Begin PBXSourcesBuildPhase section */
		D717FD0219F41CDF0066C862 /* Sources */ = {
			isa = PBXSourcesBuildPhase;
			buildActionMask = 2147483647;
			files = (
				D717FD0C19F41CDF0066C862 /* AppDelegate.swift in Sources */,
			);
			runOnlyForDeploymentPostprocessing = 0;
		};
		D717FD1219F41CDF0066C862 /* Sources */ = {
			isa = PBXSourcesBuildPhase;
			buildActionMask = 2147483647;
			files = (
				D717FD1D19F41CDF0066C862 /* SpikeTwoTests.swift in Sources */,
			);
			runOnlyForDeploymentPostprocessing = 0;
		};
/* End PBXSourcesBuildPhase section */

/* Begin PBXTargetDependency section */
		D717FD1819F41CDF0066C862 /* PBXTargetDependency */ = {
			isa = PBXTargetDependency;
			target = D717FD0519F41CDF0066C862 /* SpikeTwo */;
			targetProxy = D717FD1719F41CDF0066C862 /* PBXContainerItemProxy */;
		};
/* End PBXTargetDependency section */

/* Begin PBXVariantGroup section */
		D717FD0F19F41CDF0066C862 /* MainMenu.xib */ = {
			isa = PBXVariantGroup;
			children = (
				D717FD1019F41CDF0066C862 /* Base */,
			);
			name = MainMenu.xib;
			sourceTree = "<group>";
		};
/* End PBXVariantGroup section */

/* Begin XCBuildConfiguration section */
		D717FD1E19F41CDF0066C862 /* Debug */ = {
			isa = XCBuildConfiguration;
			buildSettings = {
				ALWAYS_SEARCH_USER_PATHS = NO;
				CLANG_CXX_LANGUAGE_STANDARD = "gnu++0x";
				CLANG_CXX_LIBRARY = "libc++";
				CLANG_ENABLE_MODULES = YES;
				CLANG_ENABLE_OBJC_ARC = YES;
				CLANG_WARN_BOOL_CONVERSION = YES;
				CLANG_WARN_CONSTANT_CONVERSION = YES;
				CLANG_WARN_DIRECT_OBJC_ISA_USAGE = YES_ERROR;
				CLANG_WARN_EMPTY_BODY = YES;
				CLANG_WARN_ENUM_CONVERSION = YES;
				CLANG_WARN_INT_CONVERSION = YES;
				CLANG_WARN_OBJC_ROOT_CLASS = YES_ERROR;
				CLANG_WARN_UNREACHABLE_CODE = YES;
				CLANG_WARN__DUPLICATE_METHOD_MATCH = YES;
				CODE_SIGN_IDENTITY = "-";
				COPY_PHASE_STRIP = NO;
				ENABLE_STRICT_OBJC_MSGSEND = YES;
				GCC_C_LANGUAGE_STANDARD = gnu99;
				GCC_DYNAMIC_NO_PIC = NO;
				GCC_OPTIMIZATION_LEVEL = 0;
				GCC_PREPROCESSOR_DEFINITIONS = (
					"DEBUG=1",
					"$(inherited)",
				);
				GCC_SYMBOLS_PRIVATE_EXTERN = NO;
				GCC_WARN_64_TO_32_BIT_CONVERSION = YES;
				GCC_WARN_ABOUT_RETURN_TYPE = YES_ERROR;
				GCC_WARN_UNDECLARED_SELECTOR = YES;
				GCC_WARN_UNINITIALIZED_AUTOS = YES_AGGRESSIVE;
				GCC_WARN_UNUSED_FUNCTION = YES;
				GCC_WARN_UNUSED_VARIABLE = YES;
				MACOSX_DEPLOYMENT_TARGET = 10.10;
				MTL_ENABLE_DEBUG_INFO = YES;
				ONLY_ACTIVE_ARCH = YES;
				SDKROOT = macosx;
				SWIFT_OPTIMIZATION_LEVEL = "-Onone";
			};
			name = Debug;
		};
		D717FD1F19F41CDF0066C862 /* Release */ = {
			isa = XCBuildConfiguration;
			buildSettings = {
				ALWAYS_SEARCH_USER_PATHS = NO;
				CLANG_CXX_LANGUAGE_STANDARD = "gnu++0x";
				CLANG_CXX_LIBRARY = "libc++";
				CLANG_ENABLE_MODULES = YES;
				CLANG_ENABLE_OBJC_ARC = YES;
				CLANG_WARN_BOOL_CONVERSION = YES;
				CLANG_WARN_CONSTANT_CONVERSION = YES;
				CLANG_WARN_DIRECT_OBJC_ISA_USAGE = YES_ERROR;
				CLANG_WARN_EMPTY_BODY = YES;
				CLANG_WARN_ENUM_CONVERSION = YES;
				CLANG_WARN_INT_CONVERSION = YES;
				CLANG_WARN_OBJC_ROOT_CLASS = YES_ERROR;
				CLANG_WARN_UNREACHABLE_CODE = YES;
				CLANG_WARN__DUPLICATE_METHOD_MATCH = YES;
				CODE_SIGN_IDENTITY = "-";
				COPY_PHASE_STRIP = YES;
				DEBUG_INFORMATION_FORMAT = "dwarf-with-dsym";
				ENABLE_NS_ASSERTIONS = NO;
				ENABLE_STRICT_OBJC_MSGSEND = YES;
				GCC_C_LANGUAGE_STANDARD = gnu99;
				GCC_WARN_64_TO_32_BIT_CONVERSION = YES;
				GCC_WARN_ABOUT_RETURN_TYPE = YES_ERROR;
				GCC_WARN_UNDECLARED_SELECTOR = YES;
				GCC_WARN_UNINITIALIZED_AUTOS = YES_AGGRESSIVE;
				GCC_WARN_UNUSED_FUNCTION = YES;
				GCC_WARN_UNUSED_VARIABLE = YES;
				MACOSX_DEPLOYMENT_TARGET = 10.10;
				MTL_ENABLE_DEBUG_INFO = NO;
				SDKROOT = macosx;
			};
			name = Release;
		};
		D717FD2119F41CDF0066C862 /* Debug */ = {
			isa = XCBuildConfiguration;
			buildSettings = {
				ASSETCATALOG_COMPILER_APPICON_NAME = AppIcon;
				COMBINE_HIDPI_IMAGES = YES;
				INFOPLIST_FILE = SpikeTwo/Info.plist;
				LD_RUNPATH_SEARCH_PATHS = "$(inherited) @executable_path/../Frameworks";
				PRODUCT_NAME = "$(TARGET_NAME)";
			};
			name = Debug;
		};
		D717FD2219F41CDF0066C862 /* Release */ = {
			isa = XCBuildConfiguration;
			buildSettings = {
				ASSETCATALOG_COMPILER_APPICON_NAME = AppIcon;
				COMBINE_HIDPI_IMAGES = YES;
				INFOPLIST_FILE = SpikeTwo/Info.plist;
				LD_RUNPATH_SEARCH_PATHS = "$(inherited) @executable_path/../Frameworks";
				PRODUCT_NAME = "$(TARGET_NAME)";
			};
			name = Release;
		};
		D717FD2419F41CDF0066C862 /* Debug */ = {
			isa = XCBuildConfiguration;
			buildSettings = {
				BUNDLE_LOADER = "$(TEST_HOST)";
				COMBINE_HIDPI_IMAGES = YES;
				FRAMEWORK_SEARCH_PATHS = (
					"$(DEVELOPER_FRAMEWORKS_DIR)",
					"$(inherited)",
				);
				GCC_PREPROCESSOR_DEFINITIONS = (
					"DEBUG=1",
					"$(inherited)",
				);
				INFOPLIST_FILE = SpikeTwoTests/Info.plist;
				LD_RUNPATH_SEARCH_PATHS = "$(inherited) @executable_path/../Frameworks @loader_path/../Frameworks";
				PRODUCT_NAME = "$(TARGET_NAME)";
				TEST_HOST = "$(BUILT_PRODUCTS_DIR)/SpikeTwo.app/Contents/MacOS/SpikeTwo";
			};
			name = Debug;
		};
		D717FD2519F41CDF0066C862 /* Release */ = {
			isa = XCBuildConfiguration;
			buildSettings = {
				BUNDLE_LOADER = "$(TEST_HOST)";
				COMBINE_HIDPI_IMAGES = YES;
				FRAMEWORK_SEARCH_PATHS = (
					"$(DEVELOPER_FRAMEWORKS_DIR)",
					"$(inherited)",
				);
				INFOPLIST_FILE = SpikeTwoTests/Info.plist;
				LD_RUNPATH_SEARCH_PATHS = "$(inherited) @executable_path/../Frameworks @loader_path/../Frameworks";
				PRODUCT_NAME = "$(TARGET_NAME)";
				TEST_HOST = "$(BUILT_PRODUCTS_DIR)/SpikeTwo.app/Contents/MacOS/SpikeTwo";
			};
			name = Release;
		};
/* End XCBuildConfiguration section */

/* Begin XCConfigurationList section */
		D717FD0119F41CDF0066C862 /* Build configuration list for PBXProject "SpikeTwo" */ = {
			isa = XCConfigurationList;
			buildConfigurations = (
				D717FD1E19F41CDF0066C862 /* Debug */,
				D717FD1F19F41CDF0066C862 /* Release */,
			);
			defaultConfigurationIsVisible = 0;
			defaultConfigurationName = Release;
		};
		D717FD2019F41CDF0066C862 /* Build configuration list for PBXNativeTarget "SpikeTwo" */ = {
			isa = XCConfigurationList;
			buildConfigurations = (
				D717FD2119F41CDF0066C862 /* Debug */,
				D717FD2219F41CDF0066C862 /* Release */,
			);
			defaultConfigurationIsVisible = 0;
		};
		D717FD2319F41CDF0066C862 /* Build configuration list for PBXNativeTarget "SpikeTwoTests" */ = {
			isa = XCConfigurationList;
			buildConfigurations = (
				D717FD2419F41CDF0066C862 /* Debug */,
				D717FD2519F41CDF0066C862 /* Release */,
			);
			defaultConfigurationIsVisible = 0;
		};
/* End XCConfigurationList section */
	};
	rootObject = D717FCFE19F41CDF0066C862 /* Project object */;
}
